Microsoft Visual Studio Solution File, Format Version 12.00
# Visual Studio Version 17
VisualStudioVersion = 17.6.33829.357
MinimumVisualStudioVersion = 10.0.40219.1
Project("{FAE04EC0-301F-11D3-BF4B-00C04F79EFBC}") = "FOQA", "FOQA.csproj", "{EC948E8D-6CBC-49B0-B1AE-524057347AF2}"
	ProjectSection(ProjectDependencies) = postProject
		{2FFE848D-A61D-4FFB-9787-751FBC942B2C} = {2FFE848D-A61D-4FFB-9787-751FBC942B2C}
	EndProjectSection
EndProject
Project("{FAE04EC0-301F-11D3-BF4B-00C04F79EFBC}") = "FDAClassLibrary", "..\..\fdaLib\FDAClassLibrary\FDAClassLibrary.csproj", "{2FFE848D-A61D-4FFB-9787-751FBC942B2C}"
EndProject
Global
	GlobalSection(SolutionConfigurationPlatforms) = preSolution
		Debug|Any CPU = Debug|Any CPU
		Release|Any CPU = Release|Any CPU
	EndGlobalSection
	GlobalSection(ProjectConfigurationPlatforms) = postSolution
		{EC948E8D-6CBC-49B0-B1AE-524057347AF2}.Debug|Any CPU.ActiveCfg = Debug|Any CPU
		{EC948E8D-6CBC-49B0-B1AE-524057347AF2}.Debug|Any CPU.Build.0 = Debug|Any CPU
		{EC948E8D-6CBC-49B0-B1AE-524057347AF2}.Release|Any CPU.ActiveCfg = Release|Any CPU
		{EC948E8D-6CBC-49B0-B1AE-524057347AF2}.Release|Any CPU.Build.0 = Release|Any CPU
		{2FFE848D-A61D-4FFB-9787-751FBC942B2C}.Debug|Any CPU.ActiveCfg = Debug|Any CPU
		{2FFE848D-A61D-4FFB-9787-751FBC942B2C}.Debug|Any CPU.Build.0 = Debug|Any CPU
		{2FFE848D-A61D-4FFB-9787-751FBC942B2C}.Release|Any CPU.ActiveCfg = Release|Any CPU
		{2FFE848D-A61D-4FFB-9787-751FBC942B2C}.Release|Any CPU.Build.0 = Release|Any CPU
	EndGlobalSection
	GlobalSection(SolutionProperties) = preSolution
		HideSolutionNode = FALSE
	EndGlobalSection
	GlobalSection(ExtensibilityGlobals) = postSolution
		SolutionGuid = {265BCA06-1021-478A-9A6F-5AEE72D68DCE}
	EndGlobalSection
EndGlobal
